
Microsoft Visual Studio Solution File, Format Version 12.00
# Visual Studio Version 16
VisualStudioVersion = 16.0.29009.5
MinimumVisualStudioVersion = 10.0.40219.1
Project("{FAE04EC0-301F-11D3-BF4B-00C04F79EFBC}") = "IoTListenerFunction", "IoTListenerFunction\IoTListenerFunction.csproj", "{6298F733-0FB4-40CD-ACA1-E4F7BC3B12E1}"
EndProject
Project("{FAE04EC0-301F-11D3-BF4B-00C04F79EFBC}") = "IoTControllers", "IoTControllers\IoTControllers.csproj", "{1F46E5CE-3563-4D5C-82B5-D6A7DE0A678A}"
EndProject
Project("{FAE04EC0-301F-11D3-BF4B-00C04F79EFBC}") = "IoTDevice", "IoTDevice\IoTDevice.csproj", "{364CB51F-A3B1-4E69-AFB8-4C9DF2580925}"
EndProject
Global
	GlobalSection(SolutionConfigurationPlatforms) = preSolution
		Debug|Any CPU = Debug|Any CPU
		Release|Any CPU = Release|Any CPU
	EndGlobalSection
	GlobalSection(ProjectConfigurationPlatforms) = postSolution
		{6298F733-0FB4-40CD-ACA1-E4F7BC3B12E1}.Debug|Any CPU.ActiveCfg = Debug|Any CPU
		{6298F733-0FB4-40CD-ACA1-E4F7BC3B12E1}.Debug|Any CPU.Build.0 = Debug|Any CPU
		{6298F733-0FB4-40CD-ACA1-E4F7BC3B12E1}.Release|Any CPU.ActiveCfg = Release|Any CPU
		{6298F733-0FB4-40CD-ACA1-E4F7BC3B12E1}.Release|Any CPU.Build.0 = Release|Any CPU
		{1F46E5CE-3563-4D5C-82B5-D6A7DE0A678A}.Debug|Any CPU.ActiveCfg = Debug|Any CPU
		{1F46E5CE-3563-4D5C-82B5-D6A7DE0A678A}.Debug|Any CPU.Build.0 = Debug|Any CPU
		{1F46E5CE-3563-4D5C-82B5-D6A7DE0A678A}.Release|Any CPU.ActiveCfg = Release|Any CPU
		{1F46E5CE-3563-4D5C-82B5-D6A7DE0A678A}.Release|Any CPU.Build.0 = Release|Any CPU
		{364CB51F-A3B1-4E69-AFB8-4C9DF2580925}.Debug|Any CPU.ActiveCfg = Debug|Any CPU
		{364CB51F-A3B1-4E69-AFB8-4C9DF2580925}.Debug|Any CPU.Build.0 = Debug|Any CPU
		{364CB51F-A3B1-4E69-AFB8-4C9DF2580925}.Release|Any CPU.ActiveCfg = Release|Any CPU
		{364CB51F-A3B1-4E69-AFB8-4C9DF2580925}.Release|Any CPU.Build.0 = Release|Any CPU
	EndGlobalSection
	GlobalSection(SolutionProperties) = preSolution
		HideSolutionNode = FALSE
	EndGlobalSection
	GlobalSection(ExtensibilityGlobals) = postSolution
		SolutionGuid = {3B8503F3-B721-47E5-8E92-462E6CB46629}
	EndGlobalSection
EndGlobal
